
Microsoft Visual Studio Solution File, Format Version 12.00
# Visual Studio Version 16
VisualStudioVersion = 16.0.31112.23
MinimumVisualStudioVersion = 10.0.40219.1
Project("{FAE04EC0-301F-11D3-BF4B-00C04F79EFBC}") = "Auction Mart", "Auction Mart\Auction Mart.csproj", "{A7D93BEE-BEC9-4D35-8992-1A421B988E29}"
EndProject
Global
	GlobalSection(SolutionConfigurationPlatforms) = preSolution
		Debug|Any CPU = Debug|Any CPU
		Release|Any CPU = Release|Any CPU
	EndGlobalSection
	GlobalSection(ProjectConfigurationPlatforms) = postSolution
		{A7D93BEE-BEC9-4D35-8992-1A421B988E29}.Debug|Any CPU.ActiveCfg = Debug|Any CPU
		{A7D93BEE-BEC9-4D35-8992-1A421B988E29}.Debug|Any CPU.Build.0 = Debug|Any CPU
		{A7D93BEE-BEC9-4D35-8992-1A421B988E29}.Release|Any CPU.ActiveCfg = Release|Any CPU
		{A7D93BEE-BEC9-4D35-8992-1A421B988E29}.Release|Any CPU.Build.0 = Release|Any CPU
	EndGlobalSection
	GlobalSection(SolutionProperties) = preSolution
		HideSolutionNode = FALSE
	EndGlobalSection
	GlobalSection(ExtensibilityGlobals) = postSolution
		SolutionGuid = {97B9D40A-5B6A-49F9-B9FD-CF5108F3E42A}
	EndGlobalSection
EndGlobal
